
Microsoft Visual Studio Solution File, Format Version 12.00
# Visual Studio Version 17
VisualStudioVersion = 17.3.32819.101
MinimumVisualStudioVersion = 10.0.40219.1
Project("{9A19103F-16F7-4668-BE54-9A1E7A4F7556}") = "Portal", "Portal\Portal.csproj", "{4AED15A9-55F1-43FE-936E-06207291E32A}"
EndProject
Project("{9A19103F-16F7-4668-BE54-9A1E7A4F7556}") = "Domain", "Domain\Domain.csproj", "{757FF89C-0FA9-4313-AB1C-B980BDF6B759}"
EndProject
Project("{9A19103F-16F7-4668-BE54-9A1E7A4F7556}") = "DomainServices", "DomainServices\DomainServices.csproj", "{2F5EFE8E-D474-495D-8E0B-66271DFC3D23}"
EndProject
Project("{9A19103F-16F7-4668-BE54-9A1E7A4F7556}") = "Infrastructure", "Infrastructure\Infrastructure.csproj", "{1E487FE1-5A01-40B7-BBDA-87135A8B7FD2}"
EndProject
Project("{FAE04EC0-301F-11D3-BF4B-00C04F79EFBC}") = "WebApi", "WebApi\WebApi.csproj", "{130F9736-E70C-42BF-8799-F5C1DAD9F1CB}"
EndProject
Global
	GlobalSection(SolutionConfigurationPlatforms) = preSolution
		Debug|Any CPU = Debug|Any CPU
		Release|Any CPU = Release|Any CPU
	EndGlobalSection
	GlobalSection(ProjectConfigurationPlatforms) = postSolution
		{4AED15A9-55F1-43FE-936E-06207291E32A}.Debug|Any CPU.ActiveCfg = Debug|Any CPU
		{4AED15A9-55F1-43FE-936E-06207291E32A}.Debug|Any CPU.Build.0 = Debug|Any CPU
		{4AED15A9-55F1-43FE-936E-06207291E32A}.Release|Any CPU.ActiveCfg = Release|Any CPU
		{4AED15A9-55F1-43FE-936E-06207291E32A}.Release|Any CPU.Build.0 = Release|Any CPU
		{757FF89C-0FA9-4313-AB1C-B980BDF6B759}.Debug|Any CPU.ActiveCfg = Debug|Any CPU
		{757FF89C-0FA9-4313-AB1C-B980BDF6B759}.Debug|Any CPU.Build.0 = Debug|Any CPU
		{757FF89C-0FA9-4313-AB1C-B980BDF6B759}.Release|Any CPU.ActiveCfg = Release|Any CPU
		{757FF89C-0FA9-4313-AB1C-B980BDF6B759}.Release|Any CPU.Build.0 = Release|Any CPU
		{2F5EFE8E-D474-495D-8E0B-66271DFC3D23}.Debug|Any CPU.ActiveCfg = Debug|Any CPU
		{2F5EFE8E-D474-495D-8E0B-66271DFC3D23}.Debug|Any CPU.Build.0 = Debug|Any CPU
		{2F5EFE8E-D474-495D-8E0B-66271DFC3D23}.Release|Any CPU.ActiveCfg = Release|Any CPU
		{2F5EFE8E-D474-495D-8E0B-66271DFC3D23}.Release|Any CPU.Build.0 = Release|Any CPU
		{1E487FE1-5A01-40B7-BBDA-87135A8B7FD2}.Debug|Any CPU.ActiveCfg = Debug|Any CPU
		{1E487FE1-5A01-40B7-BBDA-87135A8B7FD2}.Debug|Any CPU.Build.0 = Debug|Any CPU
		{1E487FE1-5A01-40B7-BBDA-87135A8B7FD2}.Release|Any CPU.ActiveCfg = Release|Any CPU
		{1E487FE1-5A01-40B7-BBDA-87135A8B7FD2}.Release|Any CPU.Build.0 = Release|Any CPU
		{130F9736-E70C-42BF-8799-F5C1DAD9F1CB}.Debug|Any CPU.ActiveCfg = Debug|Any CPU
		{130F9736-E70C-42BF-8799-F5C1DAD9F1CB}.Debug|Any CPU.Build.0 = Debug|Any CPU
		{130F9736-E70C-42BF-8799-F5C1DAD9F1CB}.Release|Any CPU.ActiveCfg = Release|Any CPU
		{130F9736-E70C-42BF-8799-F5C1DAD9F1CB}.Release|Any CPU.Build.0 = Release|Any CPU
	EndGlobalSection
	GlobalSection(SolutionProperties) = preSolution
		HideSolutionNode = FALSE
	EndGlobalSection
	GlobalSection(ExtensibilityGlobals) = postSolution
		SolutionGuid = {150A8607-E232-44C6-94AF-760ECBE3D881}
	EndGlobalSection
EndGlobal
